
Microsoft Visual Studio Solution File, Format Version 12.00
# Visual Studio Version 17
VisualStudioVersion = 17.7.34009.444
MinimumVisualStudioVersion = 10.0.40219.1
Project("{888888A0-9F3D-457C-B088-3A5042F75D52}") = "Kiba-New", "Kiba-New.pyproj", "{1523B812-A6A2-4979-BF2B-C8238149F5AC}"
EndProject
Global
	GlobalSection(SolutionConfigurationPlatforms) = preSolution
		Debug|Any CPU = Debug|Any CPU
		Release|Any CPU = Release|Any CPU
	EndGlobalSection
	GlobalSection(ProjectConfigurationPlatforms) = postSolution
		{1523B812-A6A2-4979-BF2B-C8238149F5AC}.Debug|Any CPU.ActiveCfg = Debug|Any CPU
		{1523B812-A6A2-4979-BF2B-C8238149F5AC}.Release|Any CPU.ActiveCfg = Release|Any CPU
	EndGlobalSection
	GlobalSection(SolutionProperties) = preSolution
		HideSolutionNode = FALSE
	EndGlobalSection
	GlobalSection(ExtensibilityGlobals) = postSolution
		SolutionGuid = {EF6B4F4D-6E68-4317-BE61-9626AF615BAD}
	EndGlobalSection
EndGlobal
